# THIS IS AN AUTOGENERATED FILE. DO NOT EDIT THIS FILE DIRECTLY.
# yarn lockfile v1


"@adraffy/ens-normalize@1.10.1":
  version "1.10.1"
  resolved "https://registry.yarnpkg.com/@adraffy/ens-normalize/-/ens-normalize-1.10.1.tgz#63430d04bd8c5e74f8d7d049338f1cd9d4f02069"
  integrity sha512-96Z2IP3mYmF1Xg2cDm8f1gWGf/HUVedQ3FMifV4kG/PQ4yEP51xDtRAEfhVNt5f/uzpNkZHwWQuUcu6D6K+Ekw==

"@noble/curves@1.2.0":
  version "1.2.0"
  resolved "https://registry.yarnpkg.com/@noble/curves/-/curves-1.2.0.tgz#92d7e12e4e49b23105a2555c6984d41733d65c35"
  integrity sha512-oYclrNgRaM9SsBUBVbb8M6DTV7ZHRTKugureoYEncY5c65HOmRzvSiTE3y5CYaPYJA/GVkrhXEoF0M3Ya9PMnw==
  dependencies:
    "@noble/hashes" "1.3.2"

"@noble/hashes@1.3.2":
  version "1.3.2"
  resolved "https://registry.yarnpkg.com/@noble/hashes/-/hashes-1.3.2.tgz#6f26dbc8fbc7205873ce3cee2f690eba0d421b39"
  integrity sha512-MVC8EAQp7MvEcm30KWENFjgR+Mkmf+D189XJTkFIlwohU5hcBbn1ZkKq7KVTi2Hme3PMGF390DaL52beVrIihQ==

"@types/node@22.7.5":
  version "22.7.5"
  resolved "https://registry.yarnpkg.com/@types/node/-/node-22.7.5.tgz#cfde981727a7ab3611a481510b473ae54442b92b"
  integrity sha512-jML7s2NAzMWc//QSJ1a3prpk78cOPchGvXJsC3C6R6PSMoooztvRVQEz89gmBTBY1SPMaqo5teB4uNHPdetShQ==
  dependencies:
    undici-types "~6.19.2"

"@types/node@^22.15.29":
  version "22.15.30"
  resolved "https://registry.npmjs.org/@types/node/-/node-22.15.30.tgz"
  integrity sha512-6Q7lr06bEHdlfplU6YRbgG1SFBdlsfNC4/lX+SkhiTs0cpJkOElmWls8PxDFv4yY/xKb8Y6SO0OmSX4wgqTZbA==
  dependencies:
    undici-types "~6.21.0"

"@types/yargs-parser@*":
  version "21.0.3"
  resolved "https://registry.npmjs.org/@types/yargs-parser/-/yargs-parser-21.0.3.tgz"
  integrity sha512-I4q9QU9MQv4oEOz4tAHJtNz1cwuLxn2F3xcc2iV5WdqLPpUnj30aUuxt1mAxYTG+oe8CZMV/+6rU4S4gRDzqtQ==

"@types/yargs@^17.0.33":
  version "17.0.33"
  resolved "https://registry.npmjs.org/@types/yargs/-/yargs-17.0.33.tgz"
  integrity sha512-WpxBCKWPLr4xSsHgz511rFJAM+wS28w2zEO1QDNY5zM/S8ok70NNfztH0xwhqKyaK0OHCbN98LDAZuy1ctxDkA==
  dependencies:
    "@types/yargs-parser" "*"

aes-js@4.0.0-beta.5:
  version "4.0.0-beta.5"
  resolved "https://registry.yarnpkg.com/aes-js/-/aes-js-4.0.0-beta.5.tgz#8d2452c52adedebc3a3e28465d858c11ca315873"
  integrity sha512-G965FqalsNyrPqgEGON7nIx1e/OVENSgiEIzyC63haUMuvNnwIgIjMs52hlTCKhkBny7A2ORNlfY9Zu+jmGk1Q==

ansi-regex@^6.0.1:
  version "6.1.0"
  resolved "https://registry.npmjs.org/ansi-regex/-/ansi-regex-6.1.0.tgz"
  integrity sha512-7HSX4QQb4CspciLpVFwyRe79O3xsIZDDLER21kERQ71oaPodF8jL725AgJMFAYbooIqolJoRLuM81SpeUkpkvA==

ansi-styles@^6.2.1:
  version "6.2.1"
  resolved "https://registry.npmjs.org/ansi-styles/-/ansi-styles-6.2.1.tgz"
  integrity sha512-bN798gFfQX+viw3R7yrGWRqnrN2oRkEkUjjl4JNn4E8GxxbjtG3FbrEIIY3l8/hrwUwIeCZvi4QuOTP4MErVug==

cliui@^9.0.1:
  version "9.0.1"
  resolved "https://registry.npmjs.org/cliui/-/cliui-9.0.1.tgz"
  integrity sha512-k7ndgKhwoQveBL+/1tqGJYNz097I7WOvwbmmU2AR5+magtbjPWQTS1C5vzGkBC8Ym8UWRzfKUzUUqFLypY4Q+w==
  dependencies:
    string-width "^7.2.0"
    strip-ansi "^7.1.0"
    wrap-ansi "^9.0.0"

dotenv@^16.5.0:
  version "16.5.0"
  resolved "https://registry.yarnpkg.com/dotenv/-/dotenv-16.5.0.tgz#092b49f25f808f020050051d1ff258e404c78692"
  integrity sha512-m/C+AwOAr9/W1UOIZUo232ejMNnJAJtYQjUbHoNTBNTJSvqzzDh7vnrei3o3r3m9blf6ZoDkvcw0VmozNRFJxg==

emoji-regex@^10.3.0:
  version "10.4.0"
  resolved "https://registry.npmjs.org/emoji-regex/-/emoji-regex-10.4.0.tgz"
  integrity sha512-EC+0oUMY1Rqm4O6LLrgjtYDvcVYTy7chDnM4Q7030tP4Kwj3u/pR6gP9ygnp2CJMK5Gq+9Q2oqmrFJAz01DXjw==

escalade@^3.1.1:
  version "3.2.0"
  resolved "https://registry.npmjs.org/escalade/-/escalade-3.2.0.tgz"
  integrity sha512-WUj2qlxaQtO4g6Pq5c29GTcWGDyd8itL8zTlipgECz3JesAiiOKotd8JU6otB3PACgG6xkJUyVhboMS+bje/jA==

ethers@^6.14.3:
  version "6.14.3"
  resolved "https://registry.yarnpkg.com/ethers/-/ethers-6.14.3.tgz#7c4443c165ee59b2964e691600fd4586004b2000"
  integrity sha512-qq7ft/oCJohoTcsNPFaXSQUm457MA5iWqkf1Mb11ujONdg7jBI6sAOrHaTi3j0CBqIGFSCeR/RMc+qwRRub7IA==
  dependencies:
    "@adraffy/ens-normalize" "1.10.1"
    "@noble/curves" "1.2.0"
    "@noble/hashes" "1.3.2"
    "@types/node" "22.7.5"
    aes-js "4.0.0-beta.5"
    tslib "2.7.0"
    ws "8.17.1"

get-caller-file@^2.0.5:
  version "2.0.5"
  resolved "https://registry.npmjs.org/get-caller-file/-/get-caller-file-2.0.5.tgz"
  integrity sha512-DyFP3BM/3YHTQOCUL/w0OZHR0lpKeGrxotcHWcqNEdnltqFwXVfhEBQ94eIo34AfQpo0rGki4cyIiftY06h2Fg==

get-east-asian-width@^1.0.0:
  version "1.3.0"
  resolved "https://registry.npmjs.org/get-east-asian-width/-/get-east-asian-width-1.3.0.tgz"
  integrity sha512-vpeMIQKxczTD/0s2CdEWHcb0eeJe6TFjxb+J5xgX7hScxqrGuyjmv4c1D4A/gelKfyox0gJJwIHF+fLjeaM8kQ==

string-width@^7.0.0, string-width@^7.2.0:
  version "7.2.0"
  resolved "https://registry.npmjs.org/string-width/-/string-width-7.2.0.tgz"
  integrity sha512-tsaTIkKW9b4N+AEj+SVA+WhJzV7/zMhcSu78mLKWSk7cXMOSHsBKFWUs0fWwq8QyK3MgJBQRX6Gbi4kYbdvGkQ==
  dependencies:
    emoji-regex "^10.3.0"
    get-east-asian-width "^1.0.0"
    strip-ansi "^7.1.0"

strip-ansi@^7.1.0:
  version "7.1.0"
  resolved "https://registry.npmjs.org/strip-ansi/-/strip-ansi-7.1.0.tgz"
  integrity sha512-iq6eVVI64nQQTRYq2KtEg2d2uU7LElhTJwsH4YzIHZshxlgZms/wIc4VoDQTlG/IvVIrBKG06CrZnp0qv7hkcQ==
  dependencies:
    ansi-regex "^6.0.1"

tslib@2.7.0:
  version "2.7.0"
  resolved "https://registry.yarnpkg.com/tslib/-/tslib-2.7.0.tgz#d9b40c5c40ab59e8738f297df3087bf1a2690c01"
  integrity sha512-gLXCKdN1/j47AiHiOkJN69hJmcbGTHI0ImLmbYLHykhgeN0jVGola9yVjFgzCUklsZQMW55o+dW7IXv3RCXDzA==

undici-types@~6.19.2:
  version "6.19.8"
  resolved "https://registry.yarnpkg.com/undici-types/-/undici-types-6.19.8.tgz#35111c9d1437ab83a7cdc0abae2f26d88eda0a02"
  integrity sha512-ve2KP6f/JnbPBFyobGHuerC9g1FYGn/F8n1LWTwNxCEzd6IfqTwUQcNXgEtmmQ6DlRrC1hrSrBnCZPokRrDHjw==

undici-types@~6.21.0:
  version "6.21.0"
  resolved "https://registry.npmjs.org/undici-types/-/undici-types-6.21.0.tgz"
  integrity sha512-iwDZqg0QAGrg9Rav5H4n0M64c3mkR59cJ6wQp+7C4nI0gsmExaedaYLNO44eT4AtBBwjbTiGPMlt2Md0T9H9JQ==

wrap-ansi@^9.0.0:
  version "9.0.0"
  resolved "https://registry.npmjs.org/wrap-ansi/-/wrap-ansi-9.0.0.tgz"
  integrity sha512-G8ura3S+3Z2G+mkgNRq8dqaFZAuxfsxpBB8OCTGRTCtp+l/v9nbFNmCUP1BZMts3G1142MsZfn6eeUKrr4PD1Q==
  dependencies:
    ansi-styles "^6.2.1"
    string-width "^7.0.0"
    strip-ansi "^7.1.0"

ws@8.17.1:
  version "8.17.1"
  resolved "https://registry.yarnpkg.com/ws/-/ws-8.17.1.tgz#9293da530bb548febc95371d90f9c878727d919b"
  integrity sha512-6XQFvXTkbfUOZOKKILFG1PDK2NDQs4azKQl26T0YS5CxqWLgXajbPZ+h4gZekJyRqFU8pvnbAbbs/3TgRPy+GQ==

y18n@^5.0.5:
  version "5.0.8"
  resolved "https://registry.npmjs.org/y18n/-/y18n-5.0.8.tgz"
  integrity sha512-0pfFzegeDWJHJIAmTLRP2DwHjdF5s7jo9tuztdQxAhINCdvS+3nGINqPd00AphqJR/0LhANUS6/+7SCb98YOfA==

yargs-parser@^22.0.0:
  version "22.0.0"
  resolved "https://registry.npmjs.org/yargs-parser/-/yargs-parser-22.0.0.tgz"
  integrity sha512-rwu/ClNdSMpkSrUb+d6BRsSkLUq1fmfsY6TOpYzTwvwkg1/NRG85KBy3kq++A8LKQwX6lsu+aWad+2khvuXrqw==

yargs@^18.0.0:
  version "18.0.0"
  resolved "https://registry.npmjs.org/yargs/-/yargs-18.0.0.tgz"
  integrity sha512-4UEqdc2RYGHZc7Doyqkrqiln3p9X2DZVxaGbwhn2pi7MrRagKaOcIKe8L3OxYcbhXLgLFUS3zAYuQjKBQgmuNg==
  dependencies:
    cliui "^9.0.1"
    escalade "^3.1.1"
    get-caller-file "^2.0.5"
    string-width "^7.2.0"
    y18n "^5.0.5"
    yargs-parser "^22.0.0"
